
Microsoft Visual Studio Solution File, Format Version 12.00
# Visual Studio 2015
Project("{FAE04EC0-301F-11D3-BF4B-00C04F79EFBC}") = "Black Sea Tetris.CSharp", "Black Sea Tetris.CSharp.csproj", "{8CBAD2B6-4FE7-8274-81A8-CC856AD673FF}"
EndProject
Global
	GlobalSection(SolutionConfigurationPlatforms) = preSolution
		Debug|Any CPU = Debug|Any CPU
		Release|Any CPU = Release|Any CPU
	EndGlobalSection
	GlobalSection(ProjectConfigurationPlatforms) = postSolution
		{8CBAD2B6-4FE7-8274-81A8-CC856AD673FF}.Debug|Any CPU.ActiveCfg = Debug|Any CPU
		{8CBAD2B6-4FE7-8274-81A8-CC856AD673FF}.Debug|Any CPU.Build.0 = Debug|Any CPU
		{8CBAD2B6-4FE7-8274-81A8-CC856AD673FF}.Release|Any CPU.ActiveCfg = Release|Any CPU
		{8CBAD2B6-4FE7-8274-81A8-CC856AD673FF}.Release|Any CPU.Build.0 = Release|Any CPU
	EndGlobalSection
	GlobalSection(SolutionProperties) = preSolution
		HideSolutionNode = FALSE
	EndGlobalSection
EndGlobal
